Microsoft Visual Studio Solution File, Format Version 12.00
# Visual Studio Version 17
VisualStudioVersion = 17.5.2.0
MinimumVisualStudioVersion = 10.0.40219.1
Project("{FAE04EC0-301F-11D3-BF4B-00C04F79EFBC}") = "QTO", "QTO.csproj", "{3A798C92-DA22-B784-11D5-249F2DEA19E6}"
EndProject
Global
	GlobalSection(SolutionConfigurationPlatforms) = preSolution
		Debug R25|Any CPU = Debug R25|Any CPU
		Debug R26|Any CPU = Debug R26|Any CPU
		Release R25|Any CPU = Release R25|Any CPU
		Release R26|Any CPU = Release R26|Any CPU
	EndGlobalSection
	GlobalSection(ProjectConfigurationPlatforms) = postSolution
		{3A798C92-DA22-B784-11D5-249F2DEA19E6}.Debug R25|Any CPU.ActiveCfg = Debug R25|Any CPU
		{3A798C92-DA22-B784-11D5-249F2DEA19E6}.Debug R25|Any CPU.Build.0 = Debug R25|Any CPU
		{3A798C92-DA22-B784-11D5-249F2DEA19E6}.Debug R26|Any CPU.ActiveCfg = Debug R26|Any CPU
		{3A798C92-DA22-B784-11D5-249F2DEA19E6}.Debug R26|Any CPU.Build.0 = Debug R26|Any CPU
		{3A798C92-DA22-B784-11D5-249F2DEA19E6}.Release R25|Any CPU.ActiveCfg = Release R25|Any CPU
		{3A798C92-DA22-B784-11D5-249F2DEA19E6}.Release R25|Any CPU.Build.0 = Release R25|Any CPU
		{3A798C92-DA22-B784-11D5-249F2DEA19E6}.Release R26|Any CPU.ActiveCfg = Release R26|Any CPU
		{3A798C92-DA22-B784-11D5-249F2DEA19E6}.Release R26|Any CPU.Build.0 = Release R26|Any CPU
	EndGlobalSection
	GlobalSection(SolutionProperties) = preSolution
		HideSolutionNode = FALSE
	EndGlobalSection
	GlobalSection(ExtensibilityGlobals) = postSolution
		SolutionGuid = {FDB66A7F-C65D-4D7F-8019-38511F645A91}
	EndGlobalSection
EndGlobal
